
Microsoft Visual Studio Solution File, Format Version 12.00
# Visual Studio Version 16
VisualStudioVersion = 16.0.29613.14
MinimumVisualStudioVersion = 10.0.40219.1
Project("{FAE04EC0-301F-11D3-BF4B-00C04F79EFBC}") = "TelephoneSimulator", "TelephoneSimulator\TelephoneSimulator.csproj", "{552AA803-C1CD-44E2-B4FC-7257B87CC481}"
EndProject
Global
	GlobalSection(SolutionConfigurationPlatforms) = preSolution
		Debug|Any CPU = Debug|Any CPU
		Debug|x64 = Debug|x64
		Release|Any CPU = Release|Any CPU
		Release|x64 = Release|x64
	EndGlobalSection
	GlobalSection(ProjectConfigurationPlatforms) = postSolution
		{552AA803-C1CD-44E2-B4FC-7257B87CC481}.Debug|Any CPU.ActiveCfg = Debug|Any CPU
		{552AA803-C1CD-44E2-B4FC-7257B87CC481}.Debug|Any CPU.Build.0 = Debug|Any CPU
		{552AA803-C1CD-44E2-B4FC-7257B87CC481}.Debug|x64.ActiveCfg = Debug|x64
		{552AA803-C1CD-44E2-B4FC-7257B87CC481}.Debug|x64.Build.0 = Debug|x64
		{552AA803-C1CD-44E2-B4FC-7257B87CC481}.Release|Any CPU.ActiveCfg = Release|Any CPU
		{552AA803-C1CD-44E2-B4FC-7257B87CC481}.Release|Any CPU.Build.0 = Release|Any CPU
		{552AA803-C1CD-44E2-B4FC-7257B87CC481}.Release|x64.ActiveCfg = Release|x64
		{552AA803-C1CD-44E2-B4FC-7257B87CC481}.Release|x64.Build.0 = Release|x64
	EndGlobalSection
	GlobalSection(SolutionProperties) = preSolution
		HideSolutionNode = FALSE
	EndGlobalSection
	GlobalSection(ExtensibilityGlobals) = postSolution
		SolutionGuid = {28B8924B-F20D-4E0D-91C9-2BF9EFDC241E}
	EndGlobalSection
EndGlobal
